
Microsoft Visual Studio Solution File, Format Version 12.00
# Visual Studio Version 17
VisualStudioVersion = 17.6.33801.468
MinimumVisualStudioVersion = 10.0.40219.1
Project("{8BC9CEB8-8B4A-11D0-8D11-00A0C91BC942}") = "strcucture", "strcucture\strcucture.vcxproj", "{40656F35-7853-4F6B-A9C7-FFC752AE5046}"
EndProject
Global
	GlobalSection(SolutionConfigurationPlatforms) = preSolution
		Debug|x64 = Debug|x64
		Debug|x86 = Debug|x86
		Release|x64 = Release|x64
		Release|x86 = Release|x86
	EndGlobalSection
	GlobalSection(ProjectConfigurationPlatforms) = postSolution
		{40656F35-7853-4F6B-A9C7-FFC752AE5046}.Debug|x64.ActiveCfg = Debug|x64
		{40656F35-7853-4F6B-A9C7-FFC752AE5046}.Debug|x64.Build.0 = Debug|x64
		{40656F35-7853-4F6B-A9C7-FFC752AE5046}.Debug|x86.ActiveCfg = Debug|Win32
		{40656F35-7853-4F6B-A9C7-FFC752AE5046}.Debug|x86.Build.0 = Debug|Win32
		{40656F35-7853-4F6B-A9C7-FFC752AE5046}.Release|x64.ActiveCfg = Release|x64
		{40656F35-7853-4F6B-A9C7-FFC752AE5046}.Release|x64.Build.0 = Release|x64
		{40656F35-7853-4F6B-A9C7-FFC752AE5046}.Release|x86.ActiveCfg = Release|Win32
		{40656F35-7853-4F6B-A9C7-FFC752AE5046}.Release|x86.Build.0 = Release|Win32
	EndGlobalSection
	GlobalSection(SolutionProperties) = preSolution
		HideSolutionNode = FALSE
	EndGlobalSection
	GlobalSection(ExtensibilityGlobals) = postSolution
		SolutionGuid = {1D914C80-1FA5-49CA-BEEE-D75BFB2F8470}
	EndGlobalSection
EndGlobal
