
Microsoft Visual Studio Solution File, Format Version 12.00
# Visual Studio Version 17
VisualStudioVersion = 17.6.33801.468
MinimumVisualStudioVersion = 10.0.40219.1
Project("{8BC9CEB8-8B4A-11D0-8D11-00A0C91BC942}") = "point_improve", "point_improve\point_improve.vcxproj", "{29A286F4-6226-45BC-962F-14F12D5AB0F9}"
EndProject
Global
	GlobalSection(SolutionConfigurationPlatforms) = preSolution
		Debug|x64 = Debug|x64
		Debug|x86 = Debug|x86
		Release|x64 = Release|x64
		Release|x86 = Release|x86
	EndGlobalSection
	GlobalSection(ProjectConfigurationPlatforms) = postSolution
		{29A286F4-6226-45BC-962F-14F12D5AB0F9}.Debug|x64.ActiveCfg = Debug|x64
		{29A286F4-6226-45BC-962F-14F12D5AB0F9}.Debug|x64.Build.0 = Debug|x64
		{29A286F4-6226-45BC-962F-14F12D5AB0F9}.Debug|x86.ActiveCfg = Debug|Win32
		{29A286F4-6226-45BC-962F-14F12D5AB0F9}.Debug|x86.Build.0 = Debug|Win32
		{29A286F4-6226-45BC-962F-14F12D5AB0F9}.Release|x64.ActiveCfg = Release|x64
		{29A286F4-6226-45BC-962F-14F12D5AB0F9}.Release|x64.Build.0 = Release|x64
		{29A286F4-6226-45BC-962F-14F12D5AB0F9}.Release|x86.ActiveCfg = Release|Win32
		{29A286F4-6226-45BC-962F-14F12D5AB0F9}.Release|x86.Build.0 = Release|Win32
	EndGlobalSection
	GlobalSection(SolutionProperties) = preSolution
		HideSolutionNode = FALSE
	EndGlobalSection
	GlobalSection(ExtensibilityGlobals) = postSolution
		SolutionGuid = {5695BE1C-08FE-421E-A8F9-36F3EFC62FF0}
	EndGlobalSection
EndGlobal
